<?xml version="1.0" encoding="utf-8"?>
<Project ToolsVersion="4.0" xmlns="http://schemas.microsoft.com/developer/msbuild/2003">
  <ItemGroup>
    <Filter Include="Source Files">
      <UniqueIdentifier>{4FC737F1-C7A5-4376-A066-2A32D752A2FF}</UniqueIdentifier>
      <Extensions>cpp;c;cc;cxx;c++;cppm;ixx;def;odl;idl;hpj;bat;asm;asmx</Extensions>
    </Filter>
    <Filter Include="Header Files">
      <UniqueIdentifier>{93995380-89BD-4b04-88EB-625FBE52EBFB}</UniqueIdentifier>
      <Extensions>h;hh;hpp;hxx;h++;hm;inl;inc;ipp;xsd</Extensions>
    </Filter>
    <Filter Include="Resource Files">
      <UniqueIdentifier>{67DA6AB6-F800-4c08-8B7A-83BB121AAD01}</UniqueIdentifier>
      <Extensions>rc;ico;cur;bmp;dlg;rc2;rct;bin;rgs;gif;jpg;jpeg;jpe;resx;tiff;tif;png;wav;mfcribbon-ms</Extensions>
    </Filter>
  </ItemGroup>
  <ItemGroup>
    <ClCompile Include="position1.cpp">
      <Filter>Source Files</Filter>
    </ClCompile>
    <ClCompile Include="testRunner.cpp">
      <Filter>Source Files</Filter>
    </ClCompile>
    <ClCompile Include="uiDraw.cpp">
      <Filter>Source Files</Filter>
    </ClCompile>
    <ClCompile Include="uiInteract.cpp">
      <Filter>Source Files</Filter>
    </ClCompile>
    <ClCompile Include="ground.cpp">
      <Filter>Source Files</Filter>
    </ClCompile>
    <ClCompile Include="Lab07.cpp">
      <Filter>Source Files</Filter>
    </ClCompile>
    <ClCompile Include="projectile.cpp">
      <Filter>Source Files</Filter>
    </ClCompile>
    <ClCompile Include="twoDValue.cpp">
      <Filter>Source Files</Filter>
    </ClCompile>
    <ClCompile Include="howitzer.cpp">
      <Filter>Source Files</Filter>
    </ClCompile>
    <ClCompile Include="angle.cpp">
      <Filter>Source Files</Filter>
    </ClCompile>
  </ItemGroup>
  <ItemGroup>
    <ClInclude Include="ground.h">
      <Filter>Header Files</Filter>
    </ClInclude>
    <ClInclude Include="position1.h">
      <Filter>Header Files</Filter>
    </ClInclude>
    <ClInclude Include="testRunner.h">
      <Filter>Header Files</Filter>
    </ClInclude>
    <ClInclude Include="testPosition1.h">
      <Filter>Header Files</Filter>
    </ClInclude>
    <ClInclude Include="uiDraw.h">
      <Filter>Header Files</Filter>
    </ClInclude>
    <ClInclude Include="uiInteract.h">
      <Filter>Header Files</Filter>
    </ClInclude>
    <ClInclude Include="testGround.h">
      <Filter>Header Files</Filter>
    </ClInclude>
    <ClInclude Include="projectile.h">
      <Filter>Header Files</Filter>
    </ClInclude>
    <ClInclude Include="testProjectile.h">
      <Filter>Header Files</Filter>
    </ClInclude>
    <ClInclude Include="testAngle.h">
      <Filter>Header Files</Filter>
    </ClInclude>
    <ClInclude Include="twoDValue.h">
      <Filter>Header Files</Filter>
    </ClInclude>
    <ClInclude Include="velocity.h">
      <Filter>Header Files</Filter>
    </ClInclude>
    <ClInclude Include="position.h">
      <Filter>Header Files</Filter>
    </ClInclude>
    <ClInclude Include="angle.h">
      <Filter>Header Files</Filter>
    </ClInclude>
    <ClInclude Include="howitzer.h">
      <Filter>Header Files</Filter>
    </ClInclude>
    <ClInclude Include="testHowitzer.h">
      <Filter>Header Files</Filter>
    </ClInclude>
    <ClInclude Include="test.h">
      <Filter>Header Files</Filter>
    </ClInclude>
    <ClInclude Include="testPosition.h">
      <Filter>Header Files</Filter>
    </ClInclude>
    <ClInclude Include="testTwoDValue.h">
      <Filter>Header Files</Filter>
    </ClInclude>
    <ClInclude Include="acceleration.h">
      <Filter>Header Files</Filter>
    </ClInclude>
    <ClInclude Include="testVelocity.h">
      <Filter>Header Files</Filter>
    </ClInclude>
    <ClInclude Include="TestAcceleration.h">
      <Filter>Header Files</Filter>
    </ClInclude>
  </ItemGroup>
  <ItemGroup>
    <None Include="packages.config" />
  </ItemGroup>
</Project>